
Microsoft Visual Studio Solution File, Format Version 12.00
# Visual Studio Version 17
VisualStudioVersion = 17.8.34330.188
MinimumVisualStudioVersion = 10.0.40219.1
Project("{9A19103F-16F7-4668-BE54-9A1E7A4F7556}") = "AreaCalculator", "AreaCalculator\AreaCalculator.csproj", "{5DE46894-9355-4285-B8F5-9D7AD077A069}"
EndProject
Project("{FAE04EC0-301F-11D3-BF4B-00C04F79EFBC}") = "ConsoleDebugging", "ConsoleDebugging\ConsoleDebugging.csproj", "{59512EE1-D318-4D94-BEC9-768E62FE7006}"
EndProject
Project("{FAE04EC0-301F-11D3-BF4B-00C04F79EFBC}") = "AreaCalculatorTests", "AreaCalculatorTests\AreaCalculatorTests.csproj", "{2C0101DA-E98E-451C-8A57-2108B2E148E4}"
EndProject
Global
	GlobalSection(SolutionConfigurationPlatforms) = preSolution
		Debug|Any CPU = Debug|Any CPU
		Release|Any CPU = Release|Any CPU
	EndGlobalSection
	GlobalSection(ProjectConfigurationPlatforms) = postSolution
		{5DE46894-9355-4285-B8F5-9D7AD077A069}.Debug|Any CPU.ActiveCfg = Debug|Any CPU
		{5DE46894-9355-4285-B8F5-9D7AD077A069}.Debug|Any CPU.Build.0 = Debug|Any CPU
		{5DE46894-9355-4285-B8F5-9D7AD077A069}.Release|Any CPU.ActiveCfg = Release|Any CPU
		{5DE46894-9355-4285-B8F5-9D7AD077A069}.Release|Any CPU.Build.0 = Release|Any CPU
		{59512EE1-D318-4D94-BEC9-768E62FE7006}.Debug|Any CPU.ActiveCfg = Debug|Any CPU
		{59512EE1-D318-4D94-BEC9-768E62FE7006}.Debug|Any CPU.Build.0 = Debug|Any CPU
		{59512EE1-D318-4D94-BEC9-768E62FE7006}.Release|Any CPU.ActiveCfg = Release|Any CPU
		{59512EE1-D318-4D94-BEC9-768E62FE7006}.Release|Any CPU.Build.0 = Release|Any CPU
		{2C0101DA-E98E-451C-8A57-2108B2E148E4}.Debug|Any CPU.ActiveCfg = Debug|Any CPU
		{2C0101DA-E98E-451C-8A57-2108B2E148E4}.Debug|Any CPU.Build.0 = Debug|Any CPU
		{2C0101DA-E98E-451C-8A57-2108B2E148E4}.Release|Any CPU.ActiveCfg = Release|Any CPU
		{2C0101DA-E98E-451C-8A57-2108B2E148E4}.Release|Any CPU.Build.0 = Release|Any CPU
	EndGlobalSection
	GlobalSection(SolutionProperties) = preSolution
		HideSolutionNode = FALSE
	EndGlobalSection
	GlobalSection(ExtensibilityGlobals) = postSolution
		SolutionGuid = {0E07D857-2975-42D1-8668-C77FB06F6C13}
	EndGlobalSection
EndGlobal
